{
  "name": "types",
  "version": "1.0.0",
  "lockfileVersion": 2,
  "requires": true,
  "packages": {
    "": {
      "name": "types",
      "version": "1.0.0",
      "license": "MIT",
      "dependencies": {
        "@protobufs/gogoproto": "^0.0.10",
        "@protobufs/google": "^0.0.10",
        "@protobufs/osmosis": "^0.2.0"
      }
    },
    "node_modules/@protobufs/cosmos": {
      "version": "0.0.11",
      "integrity": "sha512-r9XQikxQ3qaWVJ4EYePP7r/QL/lEEpgSeHiD0U5t4bOXux5gIWrz3AMLe5PIdFxBwkeqkF21Vz4JnVd3/XdC7Q==",
      "dependencies": {
        "@protobufs/cosmos_proto": "^0.0.10",
        "@protobufs/gogoproto": "^0.0.10",
        "@protobufs/google": "^0.0.10",
        "@protobufs/tendermint": "^0.0.10"
      }
    },
    "node_modules/@protobufs/cosmos_proto": {
      "version": "0.0.10",
      "integrity": "sha512-4nMopXxN23udy1HEe+vS49zD9dxrA7i0E3n15QUz1x0tbrowYLHzJKeyCUNlsh5PKpEIXGxHXpPZWXs7vVCwUw==",
      "dependencies": {
        "@protobufs/google": "^0.0.10"
      }
    },
    "node_modules/@protobufs/gogoproto": {
      "version": "0.0.10",
      "integrity": "sha512-u3eK1aSO3KOuX4RVFpqKPTaT/WLV50GFLuIC3slVGfD7Z1CfZ5ivHbFYUib96gihu1Mq2OZpNVj3dNws9YsVoQ==",
      "dependencies": {
        "@protobufs/google": "^0.0.10"
      }
    },
    "node_modules/@protobufs/google": {
      "version": "0.0.10",
      "integrity": "sha512-3yo+liabFM1519smwwfzh1C535CntXVsS7zT98xmo21tZUX7vxeFpQDMx38EzMGYSy/Reo8wEMWJUHqZzYsCUw=="
    },
    "node_modules/@protobufs/osmosis": {
      "version": "0.2.0",
      "integrity": "sha512-v2Zht1tT20yGfrOeKYb0qI1DMHmZc4WhF0kj9aRK6GAoVWf04RT3IY9Rw3BQWQjtkJatK54xAXBVhpMvlL0dSw==",
      "dependencies": {
        "@protobufs/cosmos": "^0.0.11",
        "@protobufs/gogoproto": "^0.0.10",
        "@protobufs/google": "^0.0.10"
      }
    },
    "node_modules/@protobufs/tendermint": {
      "version": "0.0.10",
      "integrity": "sha512-hAAMLFhKdAovslKeWnLTp2gGn5bxSTDVcQLKs4C4cC91R/KfHOh+Klt4PqSGUv/APINAmREzsX2LDUbIQ2dCpg==",
      "dependencies": {
        "@protobufs/gogoproto": "^0.0.10",
        "@protobufs/google": "^0.0.10"
      }
    }
  },
  "dependencies": {
    "@protobufs/cosmos": {
      "version": "0.0.11",
      "integrity": "sha512-r9XQikxQ3qaWVJ4EYePP7r/QL/lEEpgSeHiD0U5t4bOXux5gIWrz3AMLe5PIdFxBwkeqkF21Vz4JnVd3/XdC7Q==",
      "requires": {
        "@protobufs/cosmos_proto": "^0.0.10",
        "@protobufs/gogoproto": "^0.0.10",
        "@protobufs/google": "^0.0.10",
        "@protobufs/tendermint": "^0.0.10"
      }
    },
    "@protobufs/cosmos_proto": {
      "version": "0.0.10",
      "integrity": "sha512-4nMopXxN23udy1HEe+vS49zD9dxrA7i0E3n15QUz1x0tbrowYLHzJKeyCUNlsh5PKpEIXGxHXpPZWXs7vVCwUw==",
      "requires": {
        "@protobufs/google": "^0.0.10"
      }
    },
    "@protobufs/gogoproto": {
      "version": "0.0.10",
      "integrity": "sha512-u3eK1aSO3KOuX4RVFpqKPTaT/WLV50GFLuIC3slVGfD7Z1CfZ5ivHbFYUib96gihu1Mq2OZpNVj3dNws9YsVoQ==",
      "requires": {
        "@protobufs/google": "^0.0.10"
      }
    },
    "@protobufs/google": {
      "version": "0.0.10",
      "integrity": "sha512-3yo+liabFM1519smwwfzh1C535CntXVsS7zT98xmo21tZUX7vxeFpQDMx38EzMGYSy/Reo8wEMWJUHqZzYsCUw=="
    },
    "@protobufs/osmosis": {
      "version": "0.2.0",
      "integrity": "sha512-v2Zht1tT20yGfrOeKYb0qI1DMHmZc4WhF0kj9aRK6GAoVWf04RT3IY9Rw3BQWQjtkJatK54xAXBVhpMvlL0dSw==",
      "requires": {
        "@protobufs/cosmos": "^0.0.11",
        "@protobufs/gogoproto": "^0.0.10",
        "@protobufs/google": "^0.0.10"
      }
    },
    "@protobufs/tendermint": {
      "version": "0.0.10",
      "integrity": "sha512-hAAMLFhKdAovslKeWnLTp2gGn5bxSTDVcQLKs4C4cC91R/KfHOh+Klt4PqSGUv/APINAmREzsX2LDUbIQ2dCpg==",
      "requires": {
        "@protobufs/gogoproto": "^0.0.10",
        "@protobufs/google": "^0.0.10"
      }
    }
  }
}
